// !$*UTF8*$!
{
	archiveVersion = 1;
	classes = {
	};
	objectVersion = 46;
	objects = {

/* Begin PBXBuildFile section */
		AC35D8311A7C306E009F5D86 /* AppDelegate.swift in Sources */ = {isa = PBXBuildFile; fileRef = AC35D8301A7C306E009F5D86 /* AppDelegate.swift */; };
		AC35D8331A7C306E009F5D86 /* ViewController.swift in Sources */ = {isa = PBXBuildFile; fileRef = AC35D8321A7C306E009F5D86 /* ViewController.swift */; };
		AC35D8361A7C306E009F5D86 /* Main.storyboard in Resources */ = {isa = PBXBuildFile; fileRef = AC35D8341A7C306E009F5D86 /* Main.storyboard */; };
		AC35D8381A7C306E009F5D86 /* Images.xcassets in Resources */ = {isa = PBXBuildFile; fileRef = AC35D8371A7C306E009F5D86 /* Images.xcassets */; };
		AC35D83B1A7C306E009F5D86 /* LaunchScreen.xib in Resources */ = {isa = PBXBuildFile; fileRef = AC35D8391A7C306E009F5D86 /* LaunchScreen.xib */; };
		AC35D8471A7C306E009F5D86 /* BullsEyeTests.swift in Sources */ = {isa = PBXBuildFile; fileRef = AC35D8461A7C306E009F5D86 /* BullsEyeTests.swift */; };
/* End PBXBuildFile section */

/* Begin PBXContainerItemProxy section */
		AC35D8411A7C306E009F5D86 /* PBXContainerItemProxy */ = {
			isa = PBXContainerItemProxy;
			containerPortal = AC35D8231A7C306E009F5D86 /* Project object */;
			proxyType = 1;
			remoteGlobalIDString = AC35D82A1A7C306E009F5D86;
			remoteInfo = BullsEye;
		};
/* End PBXContainerItemProxy section */

/* Begin PBXFileReference section */
		AC35D82B1A7C306E009F5D86 /* BullsEye.app */ = {isa = PBXFileReference; explicitFileType = wrapper.application; includeInIndex = 0; path = BullsEye.app; sourceTree = BUILT_PRODUCTS_DIR; };
		AC35D82F1A7C306E009F5D86 /* Info.plist */ = {isa = PBXFileReference; lastKnownFileType = text.plist.xml; path = Info.plist; sourceTree = "<group>"; };
		AC35D8301A7C306E009F5D86 /* AppDelegate.swift */ = {isa = PBXFileReference; lastKnownFileType = sourcecode.swift; path = AppDelegate.swift; sourceTree = "<group>"; };
		AC35D8321A7C306E009F5D86 /* ViewController.swift */ = {isa = PBXFileReference; lastKnownFileType = sourcecode.swift; path = ViewController.swift; sourceTree = "<group>"; };
		AC35D8351A7C306E009F5D86 /* Base */ = {isa = PBXFileReference; lastKnownFileType = file.storyboard; name = Base; path = Base.lproj/Main.storyboard; sourceTree = "<group>"; };
		AC35D8371A7C306E009F5D86 /* Images.xcassets */ = {isa = PBXFileReference; lastKnownFileType = folder.assetcatalog; path = Images.xcassets; sourceTree = "<group>"; };
		AC35D83A1A7C306E009F5D86 /* Base */ = {isa = PBXFileReference; lastKnownFileType = file.xib; name = Base; path = Base.lproj/LaunchScreen.xib; sourceTree = "<group>"; };
		AC35D8401A7C306E009F5D86 /* BullsEyeTests.xctest */ = {isa = PBXFileReference; explicitFileType = wrapper.cfbundle; includeInIndex = 0; path = BullsEyeTests.xctest; sourceTree = BUILT_PRODUCTS_DIR; };
		AC35D8451A7C306E009F5D86 /* Info.plist */ = {isa = PBXFileReference; lastKnownFileType = text.plist.xml; path = Info.plist; sourceTree = "<group>"; };
		AC35D8461A7C306E009F5D86 /* BullsEyeTests.swift */ = {isa = PBXFileReference; lastKnownFileType = sourcecode.swift; path = BullsEyeTests.swift; sourceTree = "<group>"; };
/* End PBXFileReference section */

/* Begin PBXFrameworksBuildPhase section */
		AC35D8281A7C306E009F5D86 /* Frameworks */ = {
			isa = PBXFrameworksBuildPhase;
			buildActionMask = 2147483647;
			files = (
			);
			runOnlyForDeploymentPostprocessing = 0;
		};
		AC35D83D1A7C306E009F5D86 /* Frameworks */ = {
			isa = PBXFrameworksBuildPhase;
			buildActionMask = 2147483647;
			files = (
			);
			runOnlyForDeploymentPostprocessing = 0;
		};
/* End PBXFrameworksBuildPhase section */

/* Begin PBXGroup section */
		AC35D8221A7C306E009F5D86 = {
			isa = PBXGroup;
			children = (
				AC35D82D1A7C306E009F5D86 /* BullsEye */,
				AC35D8431A7C306E009F5D86 /* BullsEyeTests */,
				AC35D82C1A7C306E009F5D86 /* Products */,
			);
			sourceTree = "<group>";
		};
		AC35D82C1A7C306E009F5D86 /* Products */ = {
			isa = PBXGroup;
			children = (
				AC35D82B1A7C306E009F5D86 /* BullsEye.app */,
				AC35D8401A7C306E009F5D86 /* BullsEyeTests.xctest */,
			);
			name = Products;
			sourceTree = "<group>";
		};
		AC35D82D1A7C306E009F5D86 /* BullsEye */ = {
			isa = PBXGroup;
			children = (
				AC35D8301A7C306E009F5D86 /* AppDelegate.swift */,
				AC35D8321A7C306E009F5D86 /* ViewController.swift */,
				AC35D8341A7C306E009F5D86 /* Main.storyboard */,
				AC35D8371A7C306E009F5D86 /* Images.xcassets */,
				AC35D8391A7C306E009F5D86 /* LaunchScreen.xib */,
				AC35D82E1A7C306E009F5D86 /* Supporting Files */,
			);
			path = BullsEye;
			sourceTree = "<group>";
		};
		AC35D82E1A7C306E009F5D86 /* Supporting Files */ = {
			isa = PBXGroup;
			children = (
				AC35D82F1A7C306E009F5D86 /* Info.plist */,
			);
			name = "Supporting Files";
			sourceTree = "<group>";
		};
		AC35D8431A7C306E009F5D86 /* BullsEyeTests */ = {
			isa = PBXGroup;
			children = (
				AC35D8461A7C306E009F5D86 /* BullsEyeTests.swift */,
				AC35D8441A7C306E009F5D86 /* Supporting Files */,
			);
			path = BullsEyeTests;
			sourceTree = "<group>";
		};
		AC35D8441A7C306E009F5D86 /* Supporting Files */ = {
			isa = PBXGroup;
			children = (
				AC35D8451A7C306E009F5D86 /* Info.plist */,
			);
			name = "Supporting Files";
			sourceTree = "<group>";
		};
/* End PBXGroup section */

/* Begin PBXNativeTarget section */
		AC35D82A1A7C306E009F5D86 /* BullsEye */ = {
			isa = PBXNativeTarget;
			buildConfigurationList = AC35D84A1A7C306E009F5D86 /* Build configuration list for PBXNativeTarget "BullsEye" */;
			buildPhases = (
				AC35D8271A7C306E009F5D86 /* Sources */,
				AC35D8281A7C306E009F5D86 /* Frameworks */,
				AC35D8291A7C306E009F5D86 /* Resources */,
			);
			buildRules = (
			);
			dependencies = (
			);
			name = BullsEye;
			productName = BullsEye;
			productReference = AC35D82B1A7C306E009F5D86 /* BullsEye.app */;
			productType = "com.apple.product-type.application";
		};
		AC35D83F1A7C306E009F5D86 /* BullsEyeTests */ = {
			isa = PBXNativeTarget;
			buildConfigurationList = AC35D84D1A7C306E009F5D86 /* Build configuration list for PBXNativeTarget "BullsEyeTests" */;
			buildPhases = (
				AC35D83C1A7C306E009F5D86 /* Sources */,
				AC35D83D1A7C306E009F5D86 /* Frameworks */,
				AC35D83E1A7C306E009F5D86 /* Resources */,
			);
			buildRules = (
			);
			dependencies = (
				AC35D8421A7C306E009F5D86 /* PBXTargetDependency */,
			);
			name = BullsEyeTests;
			productName = BullsEyeTests;
			productReference = AC35D8401A7C306E009F5D86 /* BullsEyeTests.xctest */;
			productType = "com.apple.product-type.bundle.unit-test";
		};
/* End PBXNativeTarget section */

/* Begin PBXProject section */
		AC35D8231A7C306E009F5D86 /* Project object */ = {
			isa = PBXProject;
			attributes = {
				LastUpgradeCheck = 0610;
				ORGANIZATIONNAME = "Mário Silva";
				TargetAttributes = {
					AC35D82A1A7C306E009F5D86 = {
						CreatedOnToolsVersion = 6.1.1;
					};
					AC35D83F1A7C306E009F5D86 = {
						CreatedOnToolsVersion = 6.1.1;
						TestTargetID = AC35D82A1A7C306E009F5D86;
					};
				};
			};
			buildConfigurationList = AC35D8261A7C306E009F5D86 /* Build configuration list for PBXProject "BullsEye" */;
			compatibilityVersion = "Xcode 3.2";
			developmentRegion = English;
			hasScannedForEncodings = 0;
			knownRegions = (
				en,
				Base,
			);
			mainGroup = AC35D8221A7C306E009F5D86;
			productRefGroup = AC35D82C1A7C306E009F5D86 /* Products */;
			projectDirPath = "";
			projectRoot = "";
			targets = (
				AC35D82A1A7C306E009F5D86 /* BullsEye */,
				AC35D83F1A7C306E009F5D86 /* BullsEyeTests */,
			);
		};
/* End PBXProject section */

/* Begin PBXResourcesBuildPhase section */
		AC35D8291A7C306E009F5D86 /* Resources */ = {
			isa = PBXResourcesBuildPhase;
			buildActionMask = 2147483647;
			files = (
				AC35D8361A7C306E009F5D86 /* Main.storyboard in Resources */,
				AC35D83B1A7C306E009F5D86 /* LaunchScreen.xib in Resources */,
				AC35D8381A7C306E009F5D86 /* Images.xcassets in Resources */,
			);
			runOnlyForDeploymentPostprocessing = 0;
		};
		AC35D83E1A7C306E009F5D86 /* Resources */ = {
			isa = PBXResourcesBuildPhase;
			buildActionMask = 2147483647;
			files = (
			);
			runOnlyForDeploymentPostprocessing = 0;
		};
/* End PBXResourcesBuildPhase section */

/* Begin PBXSourcesBuildPhase section */
		AC35D8271A7C306E009F5D86 /* Sources */ = {
			isa = PBXSourcesBuildPhase;
			buildActionMask = 2147483647;
			files = (
				AC35D8331A7C306E009F5D86 /* ViewController.swift in Sources */,
				AC35D8311A7C306E009F5D86 /* AppDelegate.swift in Sources */,
			);
			runOnlyForDeploymentPostprocessing = 0;
		};
		AC35D83C1A7C306E009F5D86 /* Sources */ = {
			isa = PBXSourcesBuildPhase;
			buildActionMask = 2147483647;
			files = (
				AC35D8471A7C306E009F5D86 /* BullsEyeTests.swift in Sources */,
			);
			runOnlyForDeploymentPostprocessing = 0;
		};
/* End PBXSourcesBuildPhase section */

/* Begin PBXTargetDependency section */
		AC35D8421A7C306E009F5D86 /* PBXTargetDependency */ = {
			isa = PBXTargetDependency;
			target = AC35D82A1A7C306E009F5D86 /* BullsEye */;
			targetProxy = AC35D8411A7C306E009F5D86 /* PBXContainerItemProxy */;
		};
/* End PBXTargetDependency section */

/* Begin PBXVariantGroup section */
		AC35D8341A7C306E009F5D86 /* Main.storyboard */ = {
			isa = PBXVariantGroup;
			children = (
				AC35D8351A7C306E009F5D86 /* Base */,
			);
			name = Main.storyboard;
			sourceTree = "<group>";
		};
		AC35D8391A7C306E009F5D86 /* LaunchScreen.xib */ = {
			isa = PBXVariantGroup;
			children = (
				AC35D83A1A7C306E009F5D86 /* Base */,
			);
			name = LaunchScreen.xib;
			sourceTree = "<group>";
		};
/* End PBXVariantGroup section */

/* Begin XCBuildConfiguration section */
		AC35D8481A7C306E009F5D86 /* Debug */ = {
			isa = XCBuildConfiguration;
			buildSettings = {
				ALWAYS_SEARCH_USER_PATHS = NO;
				CLANG_CXX_LANGUAGE_STANDARD = "gnu++0x";
				CLANG_CXX_LIBRARY = "libc++";
				CLANG_ENABLE_MODULES = YES;
				CLANG_ENABLE_OBJC_ARC = YES;
				CLANG_WARN_BOOL_CONVERSION = YES;
				CLANG_WARN_CONSTANT_CONVERSION = YES;
				CLANG_WARN_DIRECT_OBJC_ISA_USAGE = YES_ERROR;
				CLANG_WARN_EMPTY_BODY = YES;
				CLANG_WARN_ENUM_CONVERSION = YES;
				CLANG_WARN_INT_CONVERSION = YES;
				CLANG_WARN_OBJC_ROOT_CLASS = YES_ERROR;
				CLANG_WARN_UNREACHABLE_CODE = YES;
				CLANG_WARN__DUPLICATE_METHOD_MATCH = YES;
				"CODE_SIGN_IDENTITY[sdk=iphoneos*]" = "iPhone Developer";
				COPY_PHASE_STRIP = NO;
				ENABLE_STRICT_OBJC_MSGSEND = YES;
				GCC_C_LANGUAGE_STANDARD = gnu99;
				GCC_DYNAMIC_NO_PIC = NO;
				GCC_OPTIMIZATION_LEVEL = 0;
				GCC_PREPROCESSOR_DEFINITIONS = (
					"DEBUG=1",
					"$(inherited)",
				);
				GCC_SYMBOLS_PRIVATE_EXTERN = NO;
				GCC_WARN_64_TO_32_BIT_CONVERSION = YES;
				GCC_WARN_ABOUT_RETURN_TYPE = YES_ERROR;
				GCC_WARN_UNDECLARED_SELECTOR = YES;
				GCC_WARN_UNINITIALIZED_AUTOS = YES_AGGRESSIVE;
				GCC_WARN_UNUSED_FUNCTION = YES;
				GCC_WARN_UNUSED_VARIABLE = YES;
				IPHONEOS_DEPLOYMENT_TARGET = 8.1;
				MTL_ENABLE_DEBUG_INFO = YES;
				ONLY_ACTIVE_ARCH = YES;
				SDKROOT = iphoneos;
				SWIFT_OPTIMIZATION_LEVEL = "-Onone";
			};
			name = Debug;
		};
		AC35D8491A7C306E009F5D86 /* Release */ = {
			isa = XCBuildConfiguration;
			buildSettings = {
				ALWAYS_SEARCH_USER_PATHS = NO;
				CLANG_CXX_LANGUAGE_STANDARD = "gnu++0x";
				CLANG_CXX_LIBRARY = "libc++";
				CLANG_ENABLE_MODULES = YES;
				CLANG_ENABLE_OBJC_ARC = YES;
				CLANG_WARN_BOOL_CONVERSION = YES;
				CLANG_WARN_CONSTANT_CONVERSION = YES;
				CLANG_WARN_DIRECT_OBJC_ISA_USAGE = YES_ERROR;
				CLANG_WARN_EMPTY_BODY = YES;
				CLANG_WARN_ENUM_CONVERSION = YES;
				CLANG_WARN_INT_CONVERSION = YES;
				CLANG_WARN_OBJC_ROOT_CLASS = YES_ERROR;
				CLANG_WARN_UNREACHABLE_CODE = YES;
				CLANG_WARN__DUPLICATE_METHOD_MATCH = YES;
				"CODE_SIGN_IDENTITY[sdk=iphoneos*]" = "iPhone Developer";
				COPY_PHASE_STRIP = YES;
				ENABLE_NS_ASSERTIONS = NO;
				ENABLE_STRICT_OBJC_MSGSEND = YES;
				GCC_C_LANGUAGE_STANDARD = gnu99;
				GCC_WARN_64_TO_32_BIT_CONVERSION = YES;
				GCC_WARN_ABOUT_RETURN_TYPE = YES_ERROR;
				GCC_WARN_UNDECLARED_SELECTOR = YES;
				GCC_WARN_UNINITIALIZED_AUTOS = YES_AGGRESSIVE;
				GCC_WARN_UNUSED_FUNCTION = YES;
				GCC_WARN_UNUSED_VARIABLE = YES;
				IPHONEOS_DEPLOYMENT_TARGET = 8.1;
				MTL_ENABLE_DEBUG_INFO = NO;
				SDKROOT = iphoneos;
				VALIDATE_PRODUCT = YES;
			};
			name = Release;
		};
		AC35D84B1A7C306E009F5D86 /* Debug */ = {
			isa = XCBuildConfiguration;
			buildSettings = {
				ASSETCATALOG_COMPILER_APPICON_NAME = AppIcon;
				INFOPLIST_FILE = BullsEye/Info.plist;
				LD_RUNPATH_SEARCH_PATHS = "$(inherited) @executable_path/Frameworks";
				PRODUCT_NAME = "$(TARGET_NAME)";
			};
			name = Debug;
		};
		AC35D84C1A7C306E009F5D86 /* Release */ = {
			isa = XCBuildConfiguration;
			buildSettings = {
				ASSETCATALOG_COMPILER_APPICON_NAME = AppIcon;
				INFOPLIST_FILE = BullsEye/Info.plist;
				LD_RUNPATH_SEARCH_PATHS = "$(inherited) @executable_path/Frameworks";
				PRODUCT_NAME = "$(TARGET_NAME)";
			};
			name = Release;
		};
		AC35D84E1A7C306E009F5D86 /* Debug */ = {
			isa = XCBuildConfiguration;
			buildSettings = {
				BUNDLE_LOADER = "$(TEST_HOST)";
				FRAMEWORK_SEARCH_PATHS = (
					"$(SDKROOT)/Developer/Library/Frameworks",
					"$(inherited)",
				);
				GCC_PREPROCESSOR_DEFINITIONS = (
					"DEBUG=1",
					"$(inherited)",
				);
				INFOPLIST_FILE = BullsEyeTests/Info.plist;
				LD_RUNPATH_SEARCH_PATHS = "$(inherited) @executable_path/Frameworks @loader_path/Frameworks";
				PRODUCT_NAME = "$(TARGET_NAME)";
				TEST_HOST = "$(BUILT_PRODUCTS_DIR)/BullsEye.app/BullsEye";
			};
			name = Debug;
		};
		AC35D84F1A7C306E009F5D86 /* Release */ = {
			isa = XCBuildConfiguration;
			buildSettings = {
				BUNDLE_LOADER = "$(TEST_HOST)";
				FRAMEWORK_SEARCH_PATHS = (
					"$(SDKROOT)/Developer/Library/Frameworks",
					"$(inherited)",
				);
				INFOPLIST_FILE = BullsEyeTests/Info.plist;
				LD_RUNPATH_SEARCH_PATHS = "$(inherited) @executable_path/Frameworks @loader_path/Frameworks";
				PRODUCT_NAME = "$(TARGET_NAME)";
				TEST_HOST = "$(BUILT_PRODUCTS_DIR)/BullsEye.app/BullsEye";
			};
			name = Release;
		};
/* End XCBuildConfiguration section */

/* Begin XCConfigurationList section */
		AC35D8261A7C306E009F5D86 /* Build configuration list for PBXProject "BullsEye" */ = {
			isa = XCConfigurationList;
			buildConfigurations = (
				AC35D8481A7C306E009F5D86 /* Debug */,
				AC35D8491A7C306E009F5D86 /* Release */,
			);
			defaultConfigurationIsVisible = 0;
			defaultConfigurationName = Release;
		};
		AC35D84A1A7C306E009F5D86 /* Build configuration list for PBXNativeTarget "BullsEye" */ = {
			isa = XCConfigurationList;
			buildConfigurations = (
				AC35D84B1A7C306E009F5D86 /* Debug */,
				AC35D84C1A7C306E009F5D86 /* Release */,
			);
			defaultConfigurationIsVisible = 0;
			defaultConfigurationName = Release;
		};
		AC35D84D1A7C306E009F5D86 /* Build configuration list for PBXNativeTarget "BullsEyeTests" */ = {
			isa = XCConfigurationList;
			buildConfigurations = (
				AC35D84E1A7C306E009F5D86 /* Debug */,
				AC35D84F1A7C306E009F5D86 /* Release */,
			);
			defaultConfigurationIsVisible = 0;
			defaultConfigurationName = Release;
		};
/* End XCConfigurationList section */
	};
	rootObject = AC35D8231A7C306E009F5D86 /* Project object */;
}
